// !$*UTF8*$!
{
	archiveVersion = 1;
	classes = {
	};
	objectVersion = 50;
	objects = {

/* Begin PBXBuildFile section */
		B98288AB25CE4D0C0012657C /* AppDelegate.swift in Sources */ = {isa = PBXBuildFile; fileRef = B98288AA25CE4D0C0012657C /* AppDelegate.swift */; };
		B98288AD25CE4D0C0012657C /* SceneDelegate.swift in Sources */ = {isa = PBXBuildFile; fileRef = B98288AC25CE4D0C0012657C /* SceneDelegate.swift */; };
		B98288AF25CE4D0C0012657C /* ViewController.swift in Sources */ = {isa = PBXBuildFile; fileRef = B98288AE25CE4D0C0012657C /* ViewController.swift */; };
		B98288B225CE4D0C0012657C /* Main.storyboard in Resources */ = {isa = PBXBuildFile; fileRef = B98288B025CE4D0C0012657C /* Main.storyboard */; };
		B98288B425CE4D0C0012657C /* Assets.xcassets in Resources */ = {isa = PBXBuildFile; fileRef = B98288B325CE4D0C0012657C /* Assets.xcassets */; };
		B98288B725CE4D0C0012657C /* LaunchScreen.storyboard in Resources */ = {isa = PBXBuildFile; fileRef = B98288B525CE4D0C0012657C /* LaunchScreen.storyboard */; };
		B98288C225CE4D0D0012657C /* NewsAppTests.swift in Sources */ = {isa = PBXBuildFile; fileRef = B98288C125CE4D0D0012657C /* NewsAppTests.swift */; };
		B98288CD25CE4D0D0012657C /* NewsAppUITests.swift in Sources */ = {isa = PBXBuildFile; fileRef = B98288CC25CE4D0D0012657C /* NewsAppUITests.swift */; };
/* End PBXBuildFile section */

/* Begin PBXContainerItemProxy section */
		B98288BE25CE4D0D0012657C /* PBXContainerItemProxy */ = {
			isa = PBXContainerItemProxy;
			containerPortal = B982889F25CE4D0C0012657C /* Project object */;
			proxyType = 1;
			remoteGlobalIDString = B98288A625CE4D0C0012657C;
			remoteInfo = NewsApp;
		};
		B98288C925CE4D0D0012657C /* PBXContainerItemProxy */ = {
			isa = PBXContainerItemProxy;
			containerPortal = B982889F25CE4D0C0012657C /* Project object */;
			proxyType = 1;
			remoteGlobalIDString = B98288A625CE4D0C0012657C;
			remoteInfo = NewsApp;
		};
/* End PBXContainerItemProxy section */

/* Begin PBXFileReference section */
		B98288A725CE4D0C0012657C /* NewsApp.app */ = {isa = PBXFileReference; explicitFileType = wrapper.application; includeInIndex = 0; path = NewsApp.app; sourceTree = BUILT_PRODUCTS_DIR; };
		B98288AA25CE4D0C0012657C /* AppDelegate.swift */ = {isa = PBXFileReference; lastKnownFileType = sourcecode.swift; path = AppDelegate.swift; sourceTree = "<group>"; };
		B98288AC25CE4D0C0012657C /* SceneDelegate.swift */ = {isa = PBXFileReference; lastKnownFileType = sourcecode.swift; path = SceneDelegate.swift; sourceTree = "<group>"; };
		B98288AE25CE4D0C0012657C /* ViewController.swift */ = {isa = PBXFileReference; lastKnownFileType = sourcecode.swift; path = ViewController.swift; sourceTree = "<group>"; };
		B98288B125CE4D0C0012657C /* Base */ = {isa = PBXFileReference; lastKnownFileType = file.storyboard; name = Base; path = Base.lproj/Main.storyboard; sourceTree = "<group>"; };
		B98288B325CE4D0C0012657C /* Assets.xcassets */ = {isa = PBXFileReference; lastKnownFileType = folder.assetcatalog; path = Assets.xcassets; sourceTree = "<group>"; };
		B98288B625CE4D0C0012657C /* Base */ = {isa = PBXFileReference; lastKnownFileType = file.storyboard; name = Base; path = Base.lproj/LaunchScreen.storyboard; sourceTree = "<group>"; };
		B98288B825CE4D0C0012657C /* Info.plist */ = {isa = PBXFileReference; lastKnownFileType = text.plist.xml; path = Info.plist; sourceTree = "<group>"; };
		B98288BD25CE4D0D0012657C /* NewsAppTests.xctest */ = {isa = PBXFileReference; explicitFileType = wrapper.cfbundle; includeInIndex = 0; path = NewsAppTests.xctest; sourceTree = BUILT_PRODUCTS_DIR; };
		B98288C125CE4D0D0012657C /* NewsAppTests.swift */ = {isa = PBXFileReference; lastKnownFileType = sourcecode.swift; path = NewsAppTests.swift; sourceTree = "<group>"; };
		B98288C325CE4D0D0012657C /* Info.plist */ = {isa = PBXFileReference; lastKnownFileType = text.plist.xml; path = Info.plist; sourceTree = "<group>"; };
		B98288C825CE4D0D0012657C /* NewsAppUITests.xctest */ = {isa = PBXFileReference; explicitFileType = wrapper.cfbundle; includeInIndex = 0; path = NewsAppUITests.xctest; sourceTree = BUILT_PRODUCTS_DIR; };
		B98288CC25CE4D0D0012657C /* NewsAppUITests.swift */ = {isa = PBXFileReference; lastKnownFileType = sourcecode.swift; path = NewsAppUITests.swift; sourceTree = "<group>"; };
		B98288CE25CE4D0D0012657C /* Info.plist */ = {isa = PBXFileReference; lastKnownFileType = text.plist.xml; path = Info.plist; sourceTree = "<group>"; };
/* End PBXFileReference section */

/* Begin PBXFrameworksBuildPhase section */
		B98288A425CE4D0C0012657C /* Frameworks */ = {
			isa = PBXFrameworksBuildPhase;
			buildActionMask = 2147483647;
			files = (
			);
			runOnlyForDeploymentPostprocessing = 0;
		};
		B98288BA25CE4D0D0012657C /* Frameworks */ = {
			isa = PBXFrameworksBuildPhase;
			buildActionMask = 2147483647;
			files = (
			);
			runOnlyForDeploymentPostprocessing = 0;
		};
		B98288C525CE4D0D0012657C /* Frameworks */ = {
			isa = PBXFrameworksBuildPhase;
			buildActionMask = 2147483647;
			files = (
			);
			runOnlyForDeploymentPostprocessing = 0;
		};
/* End PBXFrameworksBuildPhase section */

/* Begin PBXGroup section */
		B982889E25CE4D0C0012657C = {
			isa = PBXGroup;
			children = (
				B98288A925CE4D0C0012657C /* NewsApp */,
				B98288C025CE4D0D0012657C /* NewsAppTests */,
				B98288CB25CE4D0D0012657C /* NewsAppUITests */,
				B98288A825CE4D0C0012657C /* Products */,
			);
			sourceTree = "<group>";
		};
		B98288A825CE4D0C0012657C /* Products */ = {
			isa = PBXGroup;
			children = (
				B98288A725CE4D0C0012657C /* NewsApp.app */,
				B98288BD25CE4D0D0012657C /* NewsAppTests.xctest */,
				B98288C825CE4D0D0012657C /* NewsAppUITests.xctest */,
			);
			name = Products;
			sourceTree = "<group>";
		};
		B98288A925CE4D0C0012657C /* NewsApp */ = {
			isa = PBXGroup;
			children = (
				B98288AA25CE4D0C0012657C /* AppDelegate.swift */,
				B98288AC25CE4D0C0012657C /* SceneDelegate.swift */,
				B98288AE25CE4D0C0012657C /* ViewController.swift */,
				B98288B025CE4D0C0012657C /* Main.storyboard */,
				B98288B325CE4D0C0012657C /* Assets.xcassets */,
				B98288B525CE4D0C0012657C /* LaunchScreen.storyboard */,
				B98288B825CE4D0C0012657C /* Info.plist */,
			);
			path = NewsApp;
			sourceTree = "<group>";
		};
		B98288C025CE4D0D0012657C /* NewsAppTests */ = {
			isa = PBXGroup;
			children = (
				B98288C125CE4D0D0012657C /* NewsAppTests.swift */,
				B98288C325CE4D0D0012657C /* Info.plist */,
			);
			path = NewsAppTests;
			sourceTree = "<group>";
		};
		B98288CB25CE4D0D0012657C /* NewsAppUITests */ = {
			isa = PBXGroup;
			children = (
				B98288CC25CE4D0D0012657C /* NewsAppUITests.swift */,
				B98288CE25CE4D0D0012657C /* Info.plist */,
			);
			path = NewsAppUITests;
			sourceTree = "<group>";
		};
/* End PBXGroup section */

/* Begin PBXNativeTarget section */
		B98288A625CE4D0C0012657C /* NewsApp */ = {
			isa = PBXNativeTarget;
			buildConfigurationList = B98288D125CE4D0D0012657C /* Build configuration list for PBXNativeTarget "NewsApp" */;
			buildPhases = (
				B98288A325CE4D0C0012657C /* Sources */,
				B98288A425CE4D0C0012657C /* Frameworks */,
				B98288A525CE4D0C0012657C /* Resources */,
			);
			buildRules = (
			);
			dependencies = (
			);
			name = NewsApp;
			productName = NewsApp;
			productReference = B98288A725CE4D0C0012657C /* NewsApp.app */;
			productType = "com.apple.product-type.application";
		};
		B98288BC25CE4D0D0012657C /* NewsAppTests */ = {
			isa = PBXNativeTarget;
			buildConfigurationList = B98288D425CE4D0D0012657C /* Build configuration list for PBXNativeTarget "NewsAppTests" */;
			buildPhases = (
				B98288B925CE4D0D0012657C /* Sources */,
				B98288BA25CE4D0D0012657C /* Frameworks */,
				B98288BB25CE4D0D0012657C /* Resources */,
			);
			buildRules = (
			);
			dependencies = (
				B98288BF25CE4D0D0012657C /* PBXTargetDependency */,
			);
			name = NewsAppTests;
			productName = NewsAppTests;
			productReference = B98288BD25CE4D0D0012657C /* NewsAppTests.xctest */;
			productType = "com.apple.product-type.bundle.unit-test";
		};
		B98288C725CE4D0D0012657C /* NewsAppUITests */ = {
			isa = PBXNativeTarget;
			buildConfigurationList = B98288D725CE4D0D0012657C /* Build configuration list for PBXNativeTarget "NewsAppUITests" */;
			buildPhases = (
				B98288C425CE4D0D0012657C /* Sources */,
				B98288C525CE4D0D0012657C /* Frameworks */,
				B98288C625CE4D0D0012657C /* Resources */,
			);
			buildRules = (
			);
			dependencies = (
				B98288CA25CE4D0D0012657C /* PBXTargetDependency */,
			);
			name = NewsAppUITests;
			productName = NewsAppUITests;
			productReference = B98288C825CE4D0D0012657C /* NewsAppUITests.xctest */;
			productType = "com.apple.product-type.bundle.ui-testing";
		};
/* End PBXNativeTarget section */

/* Begin PBXProject section */
		B982889F25CE4D0C0012657C /* Project object */ = {
			isa = PBXProject;
			attributes = {
				LastSwiftUpdateCheck = 1220;
				LastUpgradeCheck = 1220;
				TargetAttributes = {
					B98288A625CE4D0C0012657C = {
						CreatedOnToolsVersion = 12.2;
					};
					B98288BC25CE4D0D0012657C = {
						CreatedOnToolsVersion = 12.2;
						TestTargetID = B98288A625CE4D0C0012657C;
					};
					B98288C725CE4D0D0012657C = {
						CreatedOnToolsVersion = 12.2;
						TestTargetID = B98288A625CE4D0C0012657C;
					};
				};
			};
			buildConfigurationList = B98288A225CE4D0C0012657C /* Build configuration list for PBXProject "NewsApp" */;
			compatibilityVersion = "Xcode 9.3";
			developmentRegion = en;
			hasScannedForEncodings = 0;
			knownRegions = (
				en,
				Base,
			);
			mainGroup = B982889E25CE4D0C0012657C;
			productRefGroup = B98288A825CE4D0C0012657C /* Products */;
			projectDirPath = "";
			projectRoot = "";
			targets = (
				B98288A625CE4D0C0012657C /* NewsApp */,
				B98288BC25CE4D0D0012657C /* NewsAppTests */,
				B98288C725CE4D0D0012657C /* NewsAppUITests */,
			);
		};
/* End PBXProject section */

/* Begin PBXResourcesBuildPhase section */
		B98288A525CE4D0C0012657C /* Resources */ = {
			isa = PBXResourcesBuildPhase;
			buildActionMask = 2147483647;
			files = (
				B98288B725CE4D0C0012657C /* LaunchScreen.storyboard in Resources */,
				B98288B425CE4D0C0012657C /* Assets.xcassets in Resources */,
				B98288B225CE4D0C0012657C /* Main.storyboard in Resources */,
			);
			runOnlyForDeploymentPostprocessing = 0;
		};
		B98288BB25CE4D0D0012657C /* Resources */ = {
			isa = PBXResourcesBuildPhase;
			buildActionMask = 2147483647;
			files = (
			);
			runOnlyForDeploymentPostprocessing = 0;
		};
		B98288C625CE4D0D0012657C /* Resources */ = {
			isa = PBXResourcesBuildPhase;
			buildActionMask = 2147483647;
			files = (
			);
			runOnlyForDeploymentPostprocessing = 0;
		};
/* End PBXResourcesBuildPhase section */

/* Begin PBXSourcesBuildPhase section */
		B98288A325CE4D0C0012657C /* Sources */ = {
			isa = PBXSourcesBuildPhase;
			buildActionMask = 2147483647;
			files = (
				B98288AF25CE4D0C0012657C /* ViewController.swift in Sources */,
				B98288AB25CE4D0C0012657C /* AppDelegate.swift in Sources */,
				B98288AD25CE4D0C0012657C /* SceneDelegate.swift in Sources */,
			);
			runOnlyForDeploymentPostprocessing = 0;
		};
		B98288B925CE4D0D0012657C /* Sources */ = {
			isa = PBXSourcesBuildPhase;
			buildActionMask = 2147483647;
			files = (
				B98288C225CE4D0D0012657C /* NewsAppTests.swift in Sources */,
			);
			runOnlyForDeploymentPostprocessing = 0;
		};
		B98288C425CE4D0D0012657C /* Sources */ = {
			isa = PBXSourcesBuildPhase;
			buildActionMask = 2147483647;
			files = (
				B98288CD25CE4D0D0012657C /* NewsAppUITests.swift in Sources */,
			);
			runOnlyForDeploymentPostprocessing = 0;
		};
/* End PBXSourcesBuildPhase section */

/* Begin PBXTargetDependency section */
		B98288BF25CE4D0D0012657C /* PBXTargetDependency */ = {
			isa = PBXTargetDependency;
			target = B98288A625CE4D0C0012657C /* NewsApp */;
			targetProxy = B98288BE25CE4D0D0012657C /* PBXContainerItemProxy */;
		};
		B98288CA25CE4D0D0012657C /* PBXTargetDependency */ = {
			isa = PBXTargetDependency;
			target = B98288A625CE4D0C0012657C /* NewsApp */;
			targetProxy = B98288C925CE4D0D0012657C /* PBXContainerItemProxy */;
		};
/* End PBXTargetDependency section */

/* Begin PBXVariantGroup section */
		B98288B025CE4D0C0012657C /* Main.storyboard */ = {
			isa = PBXVariantGroup;
			children = (
				B98288B125CE4D0C0012657C /* Base */,
			);
			name = Main.storyboard;
			sourceTree = "<group>";
		};
		B98288B525CE4D0C0012657C /* LaunchScreen.storyboard */ = {
			isa = PBXVariantGroup;
			children = (
				B98288B625CE4D0C0012657C /* Base */,
			);
			name = LaunchScreen.storyboard;
			sourceTree = "<group>";
		};
/* End PBXVariantGroup section */

/* Begin XCBuildConfiguration section */
		B98288CF25CE4D0D0012657C /* Debug */ = {
			isa = XCBuildConfiguration;
			buildSettings = {
				ALWAYS_SEARCH_USER_PATHS = NO;
				CLANG_ANALYZER_NONNULL = YES;
				CLANG_ANALYZER_NUMBER_OBJECT_CONVERSION = YES_AGGRESSIVE;
				CLANG_CXX_LANGUAGE_STANDARD = "gnu++14";
				CLANG_CXX_LIBRARY = "libc++";
				CLANG_ENABLE_MODULES = YES;
				CLANG_ENABLE_OBJC_ARC = YES;
				CLANG_ENABLE_OBJC_WEAK = YES;
				CLANG_WARN_BLOCK_CAPTURE_AUTORELEASING = YES;
				CLANG_WARN_BOOL_CONVERSION = YES;
				CLANG_WARN_COMMA = YES;
				CLANG_WARN_CONSTANT_CONVERSION = YES;
				CLANG_WARN_DEPRECATED_OBJC_IMPLEMENTATIONS = YES;
				CLANG_WARN_DIRECT_OBJC_ISA_USAGE = YES_ERROR;
				CLANG_WARN_DOCUMENTATION_COMMENTS = YES;
				CLANG_WARN_EMPTY_BODY = YES;
				CLANG_WARN_ENUM_CONVERSION = YES;
				CLANG_WARN_INFINITE_RECURSION = YES;
				CLANG_WARN_INT_CONVERSION = YES;
				CLANG_WARN_NON_LITERAL_NULL_CONVERSION = YES;
				CLANG_WARN_OBJC_IMPLICIT_RETAIN_SELF = YES;
				CLANG_WARN_OBJC_LITERAL_CONVERSION = YES;
				CLANG_WARN_OBJC_ROOT_CLASS = YES_ERROR;
				CLANG_WARN_QUOTED_INCLUDE_IN_FRAMEWORK_HEADER = YES;
				CLANG_WARN_RANGE_LOOP_ANALYSIS = YES;
				CLANG_WARN_STRICT_PROTOTYPES = YES;
				CLANG_WARN_SUSPICIOUS_MOVE = YES;
				CLANG_WARN_UNGUARDED_AVAILABILITY = YES_AGGRESSIVE;
				CLANG_WARN_UNREACHABLE_CODE = YES;
				CLANG_WARN__DUPLICATE_METHOD_MATCH = YES;
				COPY_PHASE_STRIP = NO;
				DEBUG_INFORMATION_FORMAT = dwarf;
				ENABLE_STRICT_OBJC_MSGSEND = YES;
				ENABLE_TESTABILITY = YES;
				GCC_C_LANGUAGE_STANDARD = gnu11;
				GCC_DYNAMIC_NO_PIC = NO;
				GCC_NO_COMMON_BLOCKS = YES;
				GCC_OPTIMIZATION_LEVEL = 0;
				GCC_PREPROCESSOR_DEFINITIONS = (
					"DEBUG=1",
					"$(inherited)",
				);
				GCC_WARN_64_TO_32_BIT_CONVERSION = YES;
				GCC_WARN_ABOUT_RETURN_TYPE = YES_ERROR;
				GCC_WARN_UNDECLARED_SELECTOR = YES;
				GCC_WARN_UNINITIALIZED_AUTOS = YES_AGGRESSIVE;
				GCC_WARN_UNUSED_FUNCTION = YES;
				GCC_WARN_UNUSED_VARIABLE = YES;
				IPHONEOS_DEPLOYMENT_TARGET = 14.2;
				MTL_ENABLE_DEBUG_INFO = INCLUDE_SOURCE;
				MTL_FAST_MATH = YES;
				ONLY_ACTIVE_ARCH = YES;
				SDKROOT = iphoneos;
				SWIFT_ACTIVE_COMPILATION_CONDITIONS = DEBUG;
				SWIFT_OPTIMIZATION_LEVEL = "-Onone";
			};
			name = Debug;
		};
		B98288D025CE4D0D0012657C /* Release */ = {
			isa = XCBuildConfiguration;
			buildSettings = {
				ALWAYS_SEARCH_USER_PATHS = NO;
				CLANG_ANALYZER_NONNULL = YES;
				CLANG_ANALYZER_NUMBER_OBJECT_CONVERSION = YES_AGGRESSIVE;
				CLANG_CXX_LANGUAGE_STANDARD = "gnu++14";
				CLANG_CXX_LIBRARY = "libc++";
				CLANG_ENABLE_MODULES = YES;
				CLANG_ENABLE_OBJC_ARC = YES;
				CLANG_ENABLE_OBJC_WEAK = YES;
				CLANG_WARN_BLOCK_CAPTURE_AUTORELEASING = YES;
				CLANG_WARN_BOOL_CONVERSION = YES;
				CLANG_WARN_COMMA = YES;
				CLANG_WARN_CONSTANT_CONVERSION = YES;
				CLANG_WARN_DEPRECATED_OBJC_IMPLEMENTATIONS = YES;
				CLANG_WARN_DIRECT_OBJC_ISA_USAGE = YES_ERROR;
				CLANG_WARN_DOCUMENTATION_COMMENTS = YES;
				CLANG_WARN_EMPTY_BODY = YES;
				CLANG_WARN_ENUM_CONVERSION = YES;
				CLANG_WARN_INFINITE_RECURSION = YES;
				CLANG_WARN_INT_CONVERSION = YES;
				CLANG_WARN_NON_LITERAL_NULL_CONVERSION = YES;
				CLANG_WARN_OBJC_IMPLICIT_RETAIN_SELF = YES;
				CLANG_WARN_OBJC_LITERAL_CONVERSION = YES;
				CLANG_WARN_OBJC_ROOT_CLASS = YES_ERROR;
				CLANG_WARN_QUOTED_INCLUDE_IN_FRAMEWORK_HEADER = YES;
				CLANG_WARN_RANGE_LOOP_ANALYSIS = YES;
				CLANG_WARN_STRICT_PROTOTYPES = YES;
				CLANG_WARN_SUSPICIOUS_MOVE = YES;
				CLANG_WARN_UNGUARDED_AVAILABILITY = YES_AGGRESSIVE;
				CLANG_WARN_UNREACHABLE_CODE = YES;
				CLANG_WARN__DUPLICATE_METHOD_MATCH = YES;
				COPY_PHASE_STRIP = NO;
				DEBUG_INFORMATION_FORMAT = "dwarf-with-dsym";
				ENABLE_NS_ASSERTIONS = NO;
				ENABLE_STRICT_OBJC_MSGSEND = YES;
				GCC_C_LANGUAGE_STANDARD = gnu11;
				GCC_NO_COMMON_BLOCKS = YES;
				GCC_WARN_64_TO_32_BIT_CONVERSION = YES;
				GCC_WARN_ABOUT_RETURN_TYPE = YES_ERROR;
				GCC_WARN_UNDECLARED_SELECTOR = YES;
				GCC_WARN_UNINITIALIZED_AUTOS = YES_AGGRESSIVE;
				GCC_WARN_UNUSED_FUNCTION = YES;
				GCC_WARN_UNUSED_VARIABLE = YES;
				IPHONEOS_DEPLOYMENT_TARGET = 14.2;
				MTL_ENABLE_DEBUG_INFO = NO;
				MTL_FAST_MATH = YES;
				SDKROOT = iphoneos;
				SWIFT_COMPILATION_MODE = wholemodule;
				SWIFT_OPTIMIZATION_LEVEL = "-O";
				VALIDATE_PRODUCT = YES;
			};
			name = Release;
		};
		B98288D225CE4D0D0012657C /* Debug */ = {
			isa = XCBuildConfiguration;
			buildSettings = {
				ASSETCATALOG_COMPILER_APPICON_NAME = AppIcon;
				ASSETCATALOG_COMPILER_GLOBAL_ACCENT_COLOR_NAME = AccentColor;
				CODE_SIGN_STYLE = Automatic;
				INFOPLIST_FILE = NewsApp/Info.plist;
				LD_RUNPATH_SEARCH_PATHS = (
					"$(inherited)",
					"@executable_path/Frameworks",
				);
				PRODUCT_BUNDLE_IDENTIFIER = com.robosoft.in.NewsApp;
				PRODUCT_NAME = "$(TARGET_NAME)";
				SWIFT_VERSION = 5.0;
				TARGETED_DEVICE_FAMILY = "1,2";
			};
			name = Debug;
		};
		B98288D325CE4D0D0012657C /* Release */ = {
			isa = XCBuildConfiguration;
			buildSettings = {
				ASSETCATALOG_COMPILER_APPICON_NAME = AppIcon;
				ASSETCATALOG_COMPILER_GLOBAL_ACCENT_COLOR_NAME = AccentColor;
				CODE_SIGN_STYLE = Automatic;
				INFOPLIST_FILE = NewsApp/Info.plist;
				LD_RUNPATH_SEARCH_PATHS = (
					"$(inherited)",
					"@executable_path/Frameworks",
				);
				PRODUCT_BUNDLE_IDENTIFIER = com.robosoft.in.NewsApp;
				PRODUCT_NAME = "$(TARGET_NAME)";
				SWIFT_VERSION = 5.0;
				TARGETED_DEVICE_FAMILY = "1,2";
			};
			name = Release;
		};
		B98288D525CE4D0D0012657C /* Debug */ = {
			isa = XCBuildConfiguration;
			buildSettings = {
				ALWAYS_EMBED_SWIFT_STANDARD_LIBRARIES = YES;
				BUNDLE_LOADER = "$(TEST_HOST)";
				CODE_SIGN_STYLE = Automatic;
				INFOPLIST_FILE = NewsAppTests/Info.plist;
				IPHONEOS_DEPLOYMENT_TARGET = 14.2;
				LD_RUNPATH_SEARCH_PATHS = (
					"$(inherited)",
					"@executable_path/Frameworks",
					"@loader_path/Frameworks",
				);
				PRODUCT_BUNDLE_IDENTIFIER = com.robosoft.in.NewsAppTests;
				PRODUCT_NAME = "$(TARGET_NAME)";
				SWIFT_VERSION = 5.0;
				TARGETED_DEVICE_FAMILY = "1,2";
				TEST_HOST = "$(BUILT_PRODUCTS_DIR)/NewsApp.app/NewsApp";
			};
			name = Debug;
		};
		B98288D625CE4D0D0012657C /* Release */ = {
			isa = XCBuildConfiguration;
			buildSettings = {
				ALWAYS_EMBED_SWIFT_STANDARD_LIBRARIES = YES;
				BUNDLE_LOADER = "$(TEST_HOST)";
				CODE_SIGN_STYLE = Automatic;
				INFOPLIST_FILE = NewsAppTests/Info.plist;
				IPHONEOS_DEPLOYMENT_TARGET = 14.2;
				LD_RUNPATH_SEARCH_PATHS = (
					"$(inherited)",
					"@executable_path/Frameworks",
					"@loader_path/Frameworks",
				);
				PRODUCT_BUNDLE_IDENTIFIER = com.robosoft.in.NewsAppTests;
				PRODUCT_NAME = "$(TARGET_NAME)";
				SWIFT_VERSION = 5.0;
				TARGETED_DEVICE_FAMILY = "1,2";
				TEST_HOST = "$(BUILT_PRODUCTS_DIR)/NewsApp.app/NewsApp";
			};
			name = Release;
		};
		B98288D825CE4D0D0012657C /* Debug */ = {
			isa = XCBuildConfiguration;
			buildSettings = {
				ALWAYS_EMBED_SWIFT_STANDARD_LIBRARIES = YES;
				CODE_SIGN_STYLE = Automatic;
				INFOPLIST_FILE = NewsAppUITests/Info.plist;
				LD_RUNPATH_SEARCH_PATHS = (
					"$(inherited)",
					"@executable_path/Frameworks",
					"@loader_path/Frameworks",
				);
				PRODUCT_BUNDLE_IDENTIFIER = com.robosoft.in.NewsAppUITests;
				PRODUCT_NAME = "$(TARGET_NAME)";
				SWIFT_VERSION = 5.0;
				TARGETED_DEVICE_FAMILY = "1,2";
				TEST_TARGET_NAME = NewsApp;
			};
			name = Debug;
		};
		B98288D925CE4D0D0012657C /* Release */ = {
			isa = XCBuildConfiguration;
			buildSettings = {
				ALWAYS_EMBED_SWIFT_STANDARD_LIBRARIES = YES;
				CODE_SIGN_STYLE = Automatic;
				INFOPLIST_FILE = NewsAppUITests/Info.plist;
				LD_RUNPATH_SEARCH_PATHS = (
					"$(inherited)",
					"@executable_path/Frameworks",
					"@loader_path/Frameworks",
				);
				PRODUCT_BUNDLE_IDENTIFIER = com.robosoft.in.NewsAppUITests;
				PRODUCT_NAME = "$(TARGET_NAME)";
				SWIFT_VERSION = 5.0;
				TARGETED_DEVICE_FAMILY = "1,2";
				TEST_TARGET_NAME = NewsApp;
			};
			name = Release;
		};
/* End XCBuildConfiguration section */

/* Begin XCConfigurationList section */
		B98288A225CE4D0C0012657C /* Build configuration list for PBXProject "NewsApp" */ = {
			isa = XCConfigurationList;
			buildConfigurations = (
				B98288CF25CE4D0D0012657C /* Debug */,
				B98288D025CE4D0D0012657C /* Release */,
			);
			defaultConfigurationIsVisible = 0;
			defaultConfigurationName = Release;
		};
		B98288D125CE4D0D0012657C /* Build configuration list for PBXNativeTarget "NewsApp" */ = {
			isa = XCConfigurationList;
			buildConfigurations = (
				B98288D225CE4D0D0012657C /* Debug */,
				B98288D325CE4D0D0012657C /* Release */,
			);
			defaultConfigurationIsVisible = 0;
			defaultConfigurationName = Release;
		};
		B98288D425CE4D0D0012657C /* Build configuration list for PBXNativeTarget "NewsAppTests" */ = {
			isa = XCConfigurationList;
			buildConfigurations = (
				B98288D525CE4D0D0012657C /* Debug */,
				B98288D625CE4D0D0012657C /* Release */,
			);
			defaultConfigurationIsVisible = 0;
			defaultConfigurationName = Release;
		};
		B98288D725CE4D0D0012657C /* Build configuration list for PBXNativeTarget "NewsAppUITests" */ = {
			isa = XCConfigurationList;
			buildConfigurations = (
				B98288D825CE4D0D0012657C /* Debug */,
				B98288D925CE4D0D0012657C /* Release */,
			);
			defaultConfigurationIsVisible = 0;
			defaultConfigurationName = Release;
		};
/* End XCConfigurationList section */
	};
	rootObject = B982889F25CE4D0C0012657C /* Project object */;
}
